// !$*UTF8*$!
{
	archiveVersion = 1;
	classes = {
	};
	objectVersion = 56;
	objects = {

/* Begin PBXBuildFile section */
		ED0F79D32AB296EA00175BD6 /* SimpleTableViewController.swift in Sources */ = {isa = PBXBuildFile; fileRef = ED0F79D22AB296EA00175BD6 /* SimpleTableViewController.swift */; };
		ED1D833D2AAFF2F400C2A5A5 /* Observable.swift in Sources */ = {isa = PBXBuildFile; fileRef = ED1D833C2AAFF2F400C2A5A5 /* Observable.swift */; };
		ED1D833F2AAFFDF300C2A5A5 /* SampleViewController.swift in Sources */ = {isa = PBXBuildFile; fileRef = ED1D833E2AAFFDF300C2A5A5 /* SampleViewController.swift */; };
		ED1D83412AB0015400C2A5A5 /* SampleViewModel.swift in Sources */ = {isa = PBXBuildFile; fileRef = ED1D83402AB0015400C2A5A5 /* SampleViewModel.swift */; };
		ED1D83432AB00E3F00C2A5A5 /* LoginViewModel.swift in Sources */ = {isa = PBXBuildFile; fileRef = ED1D83422AB00E3F00C2A5A5 /* LoginViewModel.swift */; };
		ED1D83482AB02A6B00C2A5A5 /* APIService.swift in Sources */ = {isa = PBXBuildFile; fileRef = ED1D83452AB02A6B00C2A5A5 /* APIService.swift */; };
		ED1D83492AB02A6B00C2A5A5 /* Photo.swift in Sources */ = {isa = PBXBuildFile; fileRef = ED1D83462AB02A6B00C2A5A5 /* Photo.swift */; };
		ED1D834A2AB02A6B00C2A5A5 /* APIKey.swift in Sources */ = {isa = PBXBuildFile; fileRef = ED1D83472AB02A6B00C2A5A5 /* APIKey.swift */; };
		ED1D834C2AB02B4D00C2A5A5 /* PhotoViewController.swift in Sources */ = {isa = PBXBuildFile; fileRef = ED1D834B2AB02B4D00C2A5A5 /* PhotoViewController.swift */; };
		ED4DACCB2AAE992A0095CD77 /* AppDelegate.swift in Sources */ = {isa = PBXBuildFile; fileRef = ED4DACCA2AAE992A0095CD77 /* AppDelegate.swift */; };
		ED4DACCD2AAE992A0095CD77 /* SceneDelegate.swift in Sources */ = {isa = PBXBuildFile; fileRef = ED4DACCC2AAE992A0095CD77 /* SceneDelegate.swift */; };
		ED4DACCF2AAE992A0095CD77 /* ViewController.swift in Sources */ = {isa = PBXBuildFile; fileRef = ED4DACCE2AAE992A0095CD77 /* ViewController.swift */; };
		ED4DACD22AAE992A0095CD77 /* Main.storyboard in Resources */ = {isa = PBXBuildFile; fileRef = ED4DACD02AAE992A0095CD77 /* Main.storyboard */; };
		ED4DACD42AAE992B0095CD77 /* Assets.xcassets in Resources */ = {isa = PBXBuildFile; fileRef = ED4DACD32AAE992B0095CD77 /* Assets.xcassets */; };
		ED4DACD72AAE992B0095CD77 /* LaunchScreen.storyboard in Resources */ = {isa = PBXBuildFile; fileRef = ED4DACD52AAE992B0095CD77 /* LaunchScreen.storyboard */; };
		ED4DACEB2AAEAE230095CD77 /* Localizable.strings in Resources */ = {isa = PBXBuildFile; fileRef = ED4DACED2AAEAE230095CD77 /* Localizable.strings */; };
		ED4DACF12AAEBADE0095CD77 /* String+Extension.swift in Sources */ = {isa = PBXBuildFile; fileRef = ED4DACF02AAEBADE0095CD77 /* String+Extension.swift */; };
		ED4DACF42AAEBDD60095CD77 /* InfoPlist.strings in Resources */ = {isa = PBXBuildFile; fileRef = ED4DACF62AAEBDD60095CD77 /* InfoPlist.strings */; };
		ED5916742AB2A0080033F3CC /* SimpleCollectionViewController.swift in Sources */ = {isa = PBXBuildFile; fileRef = ED5916732AB2A0080033F3CC /* SimpleCollectionViewController.swift */; };
		ED5916772AB2A9DC0033F3CC /* SnapKit in Frameworks */ = {isa = PBXBuildFile; productRef = ED5916762AB2A9DC0033F3CC /* SnapKit */; };
		ED65C1902AB1A930000D6831 /* LottoViewController.swift in Sources */ = {isa = PBXBuildFile; fileRef = ED65C18F2AB1A930000D6831 /* LottoViewController.swift */; };
		ED65C1922AB1A939000D6831 /* LottoViewModel.swift in Sources */ = {isa = PBXBuildFile; fileRef = ED65C1912AB1A939000D6831 /* LottoViewModel.swift */; };
		ED6E200F2AB02DA3008D34F2 /* PhotoViewModel.swift in Sources */ = {isa = PBXBuildFile; fileRef = ED6E200E2AB02DA3008D34F2 /* PhotoViewModel.swift */; };
		ED8C8EA12AB1ADF400B4581D /* Lotto.swift in Sources */ = {isa = PBXBuildFile; fileRef = ED8C8EA02AB1ADF400B4581D /* Lotto.swift */; };
		ED9730862AAFED51005A3B92 /* LoginViewController.swift in Sources */ = {isa = PBXBuildFile; fileRef = ED9730852AAFED51005A3B92 /* LoginViewController.swift */; };
		ED9B12DF2AB13AAA001DB7B3 /* CalculateViewModel.swift in Sources */ = {isa = PBXBuildFile; fileRef = ED9B12DE2AB13AAA001DB7B3 /* CalculateViewModel.swift */; };
		ED9B12E12AB13DB0001DB7B3 /* BrickObservable.swift in Sources */ = {isa = PBXBuildFile; fileRef = ED9B12E02AB13DB0001DB7B3 /* BrickObservable.swift */; };
		EDDABCB12AB740BD0003AAAC /* SettingViewController.swift in Sources */ = {isa = PBXBuildFile; fileRef = EDDABCB02AB740BD0003AAAC /* SettingViewController.swift */; };
		EDDABCB32AB747560003AAAC /* Setting.swift in Sources */ = {isa = PBXBuildFile; fileRef = EDDABCB22AB747560003AAAC /* Setting.swift */; };
		EDF8C6712AB139E8000F768A /* CalculateViewController.swift in Sources */ = {isa = PBXBuildFile; fileRef = EDF8C6702AB139E8000F768A /* CalculateViewController.swift */; };
/* End PBXBuildFile section */

/* Begin PBXFileReference section */
		ED0F79D22AB296EA00175BD6 /* SimpleTableViewController.swift */ = {isa = PBXFileReference; lastKnownFileType = sourcecode.swift; path = SimpleTableViewController.swift; sourceTree = "<group>"; };
		ED1D833C2AAFF2F400C2A5A5 /* Observable.swift */ = {isa = PBXFileReference; lastKnownFileType = sourcecode.swift; path = Observable.swift; sourceTree = "<group>"; };
		ED1D833E2AAFFDF300C2A5A5 /* SampleViewController.swift */ = {isa = PBXFileReference; lastKnownFileType = sourcecode.swift; path = SampleViewController.swift; sourceTree = "<group>"; };
		ED1D83402AB0015400C2A5A5 /* SampleViewModel.swift */ = {isa = PBXFileReference; lastKnownFileType = sourcecode.swift; path = SampleViewModel.swift; sourceTree = "<group>"; };
		ED1D83422AB00E3F00C2A5A5 /* LoginViewModel.swift */ = {isa = PBXFileReference; lastKnownFileType = sourcecode.swift; path = LoginViewModel.swift; sourceTree = "<group>"; };
		ED1D83452AB02A6B00C2A5A5 /* APIService.swift */ = {isa = PBXFileReference; fileEncoding = 4; lastKnownFileType = sourcecode.swift; path = APIService.swift; sourceTree = "<group>"; };
		ED1D83462AB02A6B00C2A5A5 /* Photo.swift */ = {isa = PBXFileReference; fileEncoding = 4; lastKnownFileType = sourcecode.swift; path = Photo.swift; sourceTree = "<group>"; };
		ED1D83472AB02A6B00C2A5A5 /* APIKey.swift */ = {isa = PBXFileReference; fileEncoding = 4; lastKnownFileType = sourcecode.swift; path = APIKey.swift; sourceTree = "<group>"; };
		ED1D834B2AB02B4D00C2A5A5 /* PhotoViewController.swift */ = {isa = PBXFileReference; lastKnownFileType = sourcecode.swift; path = PhotoViewController.swift; sourceTree = "<group>"; };
		ED4DACC72AAE992A0095CD77 /* SeSAC3UnsplashProject.app */ = {isa = PBXFileReference; explicitFileType = wrapper.application; includeInIndex = 0; path = SeSAC3UnsplashProject.app; sourceTree = BUILT_PRODUCTS_DIR; };
		ED4DACCA2AAE992A0095CD77 /* AppDelegate.swift */ = {isa = PBXFileReference; lastKnownFileType = sourcecode.swift; path = AppDelegate.swift; sourceTree = "<group>"; };
		ED4DACCC2AAE992A0095CD77 /* SceneDelegate.swift */ = {isa = PBXFileReference; lastKnownFileType = sourcecode.swift; path = SceneDelegate.swift; sourceTree = "<group>"; };
		ED4DACCE2AAE992A0095CD77 /* ViewController.swift */ = {isa = PBXFileReference; lastKnownFileType = sourcecode.swift; path = ViewController.swift; sourceTree = "<group>"; };
		ED4DACD12AAE992A0095CD77 /* Base */ = {isa = PBXFileReference; lastKnownFileType = file.storyboard; name = Base; path = Base.lproj/Main.storyboard; sourceTree = "<group>"; };
		ED4DACD32AAE992B0095CD77 /* Assets.xcassets */ = {isa = PBXFileReference; lastKnownFileType = folder.assetcatalog; path = Assets.xcassets; sourceTree = "<group>"; };
		ED4DACD62AAE992B0095CD77 /* Base */ = {isa = PBXFileReference; lastKnownFileType = file.storyboard; name = Base; path = Base.lproj/LaunchScreen.storyboard; sourceTree = "<group>"; };
		ED4DACD82AAE992B0095CD77 /* Info.plist */ = {isa = PBXFileReference; lastKnownFileType = text.plist.xml; path = Info.plist; sourceTree = "<group>"; };
		ED4DACDE2AAE9CAE0095CD77 /* ko */ = {isa = PBXFileReference; lastKnownFileType = text.plist.strings; name = ko; path = ko.lproj/Main.strings; sourceTree = "<group>"; };
		ED4DACDF2AAE9CAE0095CD77 /* ko */ = {isa = PBXFileReference; lastKnownFileType = text.plist.strings; name = ko; path = ko.lproj/LaunchScreen.strings; sourceTree = "<group>"; };
		ED4DACE02AAE9CBC0095CD77 /* ja */ = {isa = PBXFileReference; lastKnownFileType = text.plist.strings; name = ja; path = ja.lproj/Main.strings; sourceTree = "<group>"; };
		ED4DACE12AAE9CBC0095CD77 /* ja */ = {isa = PBXFileReference; lastKnownFileType = text.plist.strings; name = ja; path = ja.lproj/LaunchScreen.strings; sourceTree = "<group>"; };
		ED4DACE42AAE9EAC0095CD77 /* en */ = {isa = PBXFileReference; lastKnownFileType = text.plist.strings; name = en; path = en.lproj/Main.strings; sourceTree = "<group>"; };
		ED4DACEC2AAEAE230095CD77 /* en */ = {isa = PBXFileReference; lastKnownFileType = text.plist.strings; name = en; path = en.lproj/Localizable.strings; sourceTree = "<group>"; };
		ED4DACEE2AAEAE360095CD77 /* ja */ = {isa = PBXFileReference; lastKnownFileType = text.plist.strings; name = ja; path = ja.lproj/Localizable.strings; sourceTree = "<group>"; };
		ED4DACEF2AAEAE380095CD77 /* ko */ = {isa = PBXFileReference; lastKnownFileType = text.plist.strings; name = ko; path = ko.lproj/Localizable.strings; sourceTree = "<group>"; };
		ED4DACF02AAEBADE0095CD77 /* String+Extension.swift */ = {isa = PBXFileReference; lastKnownFileType = sourcecode.swift; path = "String+Extension.swift"; sourceTree = "<group>"; };
		ED4DACF52AAEBDD60095CD77 /* en */ = {isa = PBXFileReference; lastKnownFileType = text.plist.strings; name = en; path = en.lproj/InfoPlist.strings; sourceTree = "<group>"; };
		ED4DACF72AAEBDDA0095CD77 /* ja */ = {isa = PBXFileReference; lastKnownFileType = text.plist.strings; name = ja; path = ja.lproj/InfoPlist.strings; sourceTree = "<group>"; };
		ED4DACF82AAEBDDA0095CD77 /* ko */ = {isa = PBXFileReference; lastKnownFileType = text.plist.strings; name = ko; path = ko.lproj/InfoPlist.strings; sourceTree = "<group>"; };
		ED5916732AB2A0080033F3CC /* SimpleCollectionViewController.swift */ = {isa = PBXFileReference; lastKnownFileType = sourcecode.swift; path = SimpleCollectionViewController.swift; sourceTree = "<group>"; };
		ED65C18F2AB1A930000D6831 /* LottoViewController.swift */ = {isa = PBXFileReference; lastKnownFileType = sourcecode.swift; path = LottoViewController.swift; sourceTree = "<group>"; };
		ED65C1912AB1A939000D6831 /* LottoViewModel.swift */ = {isa = PBXFileReference; lastKnownFileType = sourcecode.swift; path = LottoViewModel.swift; sourceTree = "<group>"; };
		ED6E200E2AB02DA3008D34F2 /* PhotoViewModel.swift */ = {isa = PBXFileReference; lastKnownFileType = sourcecode.swift; path = PhotoViewModel.swift; sourceTree = "<group>"; };
		ED8C8EA02AB1ADF400B4581D /* Lotto.swift */ = {isa = PBXFileReference; lastKnownFileType = sourcecode.swift; path = Lotto.swift; sourceTree = "<group>"; };
		ED9730852AAFED51005A3B92 /* LoginViewController.swift */ = {isa = PBXFileReference; lastKnownFileType = sourcecode.swift; path = LoginViewController.swift; sourceTree = "<group>"; };
		ED9B12DE2AB13AAA001DB7B3 /* CalculateViewModel.swift */ = {isa = PBXFileReference; lastKnownFileType = sourcecode.swift; path = CalculateViewModel.swift; sourceTree = "<group>"; };
		ED9B12E02AB13DB0001DB7B3 /* BrickObservable.swift */ = {isa = PBXFileReference; lastKnownFileType = sourcecode.swift; path = BrickObservable.swift; sourceTree = "<group>"; };
		EDDABCB02AB740BD0003AAAC /* SettingViewController.swift */ = {isa = PBXFileReference; lastKnownFileType = sourcecode.swift; path = SettingViewController.swift; sourceTree = "<group>"; };
		EDDABCB22AB747560003AAAC /* Setting.swift */ = {isa = PBXFileReference; lastKnownFileType = sourcecode.swift; path = Setting.swift; sourceTree = "<group>"; };
		EDF8C6702AB139E8000F768A /* CalculateViewController.swift */ = {isa = PBXFileReference; lastKnownFileType = sourcecode.swift; path = CalculateViewController.swift; sourceTree = "<group>"; };
/* End PBXFileReference section */

/* Begin PBXFrameworksBuildPhase section */
		ED4DACC42AAE992A0095CD77 /* Frameworks */ = {
			isa = PBXFrameworksBuildPhase;
			buildActionMask = 2147483647;
			files = (
				ED5916772AB2A9DC0033F3CC /* SnapKit in Frameworks */,
			);
			runOnlyForDeploymentPostprocessing = 0;
		};
/* End PBXFrameworksBuildPhase section */

/* Begin PBXGroup section */
		ED0F79D12AB296DB00175BD6 /* New */ = {
			isa = PBXGroup;
			children = (
				ED0F79D22AB296EA00175BD6 /* SimpleTableViewController.swift */,
				ED5916732AB2A0080033F3CC /* SimpleCollectionViewController.swift */,
			);
			path = New;
			sourceTree = "<group>";
		};
		ED1D83442AB02A4800C2A5A5 /* Photo */ = {
			isa = PBXGroup;
			children = (
				ED1D83472AB02A6B00C2A5A5 /* APIKey.swift */,
				ED1D83452AB02A6B00C2A5A5 /* APIService.swift */,
				ED1D83462AB02A6B00C2A5A5 /* Photo.swift */,
				ED1D834B2AB02B4D00C2A5A5 /* PhotoViewController.swift */,
				ED6E200E2AB02DA3008D34F2 /* PhotoViewModel.swift */,
			);
			path = Photo;
			sourceTree = "<group>";
		};
		ED4DACBE2AAE992A0095CD77 = {
			isa = PBXGroup;
			children = (
				ED4DACC92AAE992A0095CD77 /* SeSAC3UnsplashProject */,
				ED4DACC82AAE992A0095CD77 /* Products */,
			);
			sourceTree = "<group>";
		};
		ED4DACC82AAE992A0095CD77 /* Products */ = {
			isa = PBXGroup;
			children = (
				ED4DACC72AAE992A0095CD77 /* SeSAC3UnsplashProject.app */,
			);
			name = Products;
			sourceTree = "<group>";
		};
		ED4DACC92AAE992A0095CD77 /* SeSAC3UnsplashProject */ = {
			isa = PBXGroup;
			children = (
				EDDABCAF2AB7409F0003AAAC /* Setting */,
				ED0F79D12AB296DB00175BD6 /* New */,
				ED65C18E2AB1A7BE000D6831 /* Lotto */,
				EDF8C66F2AB139B6000F768A /* Calculate */,
				ED1D83442AB02A4800C2A5A5 /* Photo */,
				ED9730842AAFED3E005A3B92 /* Login */,
				ED4DACCA2AAE992A0095CD77 /* AppDelegate.swift */,
				ED4DACCC2AAE992A0095CD77 /* SceneDelegate.swift */,
				ED4DACCE2AAE992A0095CD77 /* ViewController.swift */,
				ED4DACF02AAEBADE0095CD77 /* String+Extension.swift */,
				ED4DACED2AAEAE230095CD77 /* Localizable.strings */,
				ED4DACD02AAE992A0095CD77 /* Main.storyboard */,
				ED4DACD32AAE992B0095CD77 /* Assets.xcassets */,
				ED4DACD52AAE992B0095CD77 /* LaunchScreen.storyboard */,
				ED4DACD82AAE992B0095CD77 /* Info.plist */,
				ED4DACF62AAEBDD60095CD77 /* InfoPlist.strings */,
			);
			path = SeSAC3UnsplashProject;
			sourceTree = "<group>";
		};
		ED65C18E2AB1A7BE000D6831 /* Lotto */ = {
			isa = PBXGroup;
			children = (
				ED65C18F2AB1A930000D6831 /* LottoViewController.swift */,
				ED65C1912AB1A939000D6831 /* LottoViewModel.swift */,
				ED8C8EA02AB1ADF400B4581D /* Lotto.swift */,
			);
			path = Lotto;
			sourceTree = "<group>";
		};
		ED9730842AAFED3E005A3B92 /* Login */ = {
			isa = PBXGroup;
			children = (
				ED9730852AAFED51005A3B92 /* LoginViewController.swift */,
				ED1D83422AB00E3F00C2A5A5 /* LoginViewModel.swift */,
				ED1D833C2AAFF2F400C2A5A5 /* Observable.swift */,
				ED1D833E2AAFFDF300C2A5A5 /* SampleViewController.swift */,
				ED1D83402AB0015400C2A5A5 /* SampleViewModel.swift */,
			);
			path = Login;
			sourceTree = "<group>";
		};
		EDDABCAF2AB7409F0003AAAC /* Setting */ = {
			isa = PBXGroup;
			children = (
				EDDABCB02AB740BD0003AAAC /* SettingViewController.swift */,
				EDDABCB22AB747560003AAAC /* Setting.swift */,
			);
			path = Setting;
			sourceTree = "<group>";
		};
		EDF8C66F2AB139B6000F768A /* Calculate */ = {
			isa = PBXGroup;
			children = (
				EDF8C6702AB139E8000F768A /* CalculateViewController.swift */,
				ED9B12DE2AB13AAA001DB7B3 /* CalculateViewModel.swift */,
				ED9B12E02AB13DB0001DB7B3 /* BrickObservable.swift */,
			);
			path = Calculate;
			sourceTree = "<group>";
		};
/* End PBXGroup section */

/* Begin PBXNativeTarget section */
		ED4DACC62AAE992A0095CD77 /* SeSAC3UnsplashProject */ = {
			isa = PBXNativeTarget;
			buildConfigurationList = ED4DACDB2AAE992B0095CD77 /* Build configuration list for PBXNativeTarget "SeSAC3UnsplashProject" */;
			buildPhases = (
				ED4DACC32AAE992A0095CD77 /* Sources */,
				ED4DACC42AAE992A0095CD77 /* Frameworks */,
				ED4DACC52AAE992A0095CD77 /* Resources */,
			);
			buildRules = (
			);
			dependencies = (
			);
			name = SeSAC3UnsplashProject;
			packageProductDependencies = (
				ED5916762AB2A9DC0033F3CC /* SnapKit */,
			);
			productName = SeSAC3UnsplashProject;
			productReference = ED4DACC72AAE992A0095CD77 /* SeSAC3UnsplashProject.app */;
			productType = "com.apple.product-type.application";
		};
/* End PBXNativeTarget section */

/* Begin PBXProject section */
		ED4DACBF2AAE992A0095CD77 /* Project object */ = {
			isa = PBXProject;
			attributes = {
				BuildIndependentTargetsInParallel = 1;
				LastSwiftUpdateCheck = 1420;
				LastUpgradeCheck = 1420;
				TargetAttributes = {
					ED4DACC62AAE992A0095CD77 = {
						CreatedOnToolsVersion = 14.2;
					};
				};
			};
			buildConfigurationList = ED4DACC22AAE992A0095CD77 /* Build configuration list for PBXProject "SeSAC3UnsplashProject" */;
			compatibilityVersion = "Xcode 14.0";
			developmentRegion = en;
			hasScannedForEncodings = 0;
			knownRegions = (
				en,
				Base,
				ko,
				ja,
			);
			mainGroup = ED4DACBE2AAE992A0095CD77;
			packageReferences = (
				ED5916752AB2A9DC0033F3CC /* XCRemoteSwiftPackageReference "SnapKit" */,
			);
			productRefGroup = ED4DACC82AAE992A0095CD77 /* Products */;
			projectDirPath = "";
			projectRoot = "";
			targets = (
				ED4DACC62AAE992A0095CD77 /* SeSAC3UnsplashProject */,
			);
		};
/* End PBXProject section */

/* Begin PBXResourcesBuildPhase section */
		ED4DACC52AAE992A0095CD77 /* Resources */ = {
			isa = PBXResourcesBuildPhase;
			buildActionMask = 2147483647;
			files = (
				ED4DACD72AAE992B0095CD77 /* LaunchScreen.storyboard in Resources */,
				ED4DACEB2AAEAE230095CD77 /* Localizable.strings in Resources */,
				ED4DACD42AAE992B0095CD77 /* Assets.xcassets in Resources */,
				ED4DACD22AAE992A0095CD77 /* Main.storyboard in Resources */,
				ED4DACF42AAEBDD60095CD77 /* InfoPlist.strings in Resources */,
			);
			runOnlyForDeploymentPostprocessing = 0;
		};
/* End PBXResourcesBuildPhase section */

/* Begin PBXSourcesBuildPhase section */
		ED4DACC32AAE992A0095CD77 /* Sources */ = {
			isa = PBXSourcesBuildPhase;
			buildActionMask = 2147483647;
			files = (
				ED4DACF12AAEBADE0095CD77 /* String+Extension.swift in Sources */,
				ED4DACCF2AAE992A0095CD77 /* ViewController.swift in Sources */,
				ED4DACCB2AAE992A0095CD77 /* AppDelegate.swift in Sources */,
				ED9730862AAFED51005A3B92 /* LoginViewController.swift in Sources */,
				ED9B12E12AB13DB0001DB7B3 /* BrickObservable.swift in Sources */,
				ED1D833D2AAFF2F400C2A5A5 /* Observable.swift in Sources */,
				ED4DACCD2AAE992A0095CD77 /* SceneDelegate.swift in Sources */,
				ED1D83482AB02A6B00C2A5A5 /* APIService.swift in Sources */,
				ED1D83492AB02A6B00C2A5A5 /* Photo.swift in Sources */,
				ED65C1902AB1A930000D6831 /* LottoViewController.swift in Sources */,
				EDF8C6712AB139E8000F768A /* CalculateViewController.swift in Sources */,
				ED1D83412AB0015400C2A5A5 /* SampleViewModel.swift in Sources */,
				ED6E200F2AB02DA3008D34F2 /* PhotoViewModel.swift in Sources */,
				ED1D833F2AAFFDF300C2A5A5 /* SampleViewController.swift in Sources */,
				EDDABCB32AB747560003AAAC /* Setting.swift in Sources */,
				ED1D834A2AB02A6B00C2A5A5 /* APIKey.swift in Sources */,
				ED9B12DF2AB13AAA001DB7B3 /* CalculateViewModel.swift in Sources */,
				ED8C8EA12AB1ADF400B4581D /* Lotto.swift in Sources */,
				ED1D83432AB00E3F00C2A5A5 /* LoginViewModel.swift in Sources */,
				EDDABCB12AB740BD0003AAAC /* SettingViewController.swift in Sources */,
				ED0F79D32AB296EA00175BD6 /* SimpleTableViewController.swift in Sources */,
				ED1D834C2AB02B4D00C2A5A5 /* PhotoViewController.swift in Sources */,
				ED5916742AB2A0080033F3CC /* SimpleCollectionViewController.swift in Sources */,
				ED65C1922AB1A939000D6831 /* LottoViewModel.swift in Sources */,
			);
			runOnlyForDeploymentPostprocessing = 0;
		};
/* End PBXSourcesBuildPhase section */

/* Begin PBXVariantGroup section */
		ED4DACD02AAE992A0095CD77 /* Main.storyboard */ = {
			isa = PBXVariantGroup;
			children = (
				ED4DACD12AAE992A0095CD77 /* Base */,
				ED4DACDE2AAE9CAE0095CD77 /* ko */,
				ED4DACE02AAE9CBC0095CD77 /* ja */,
				ED4DACE42AAE9EAC0095CD77 /* en */,
			);
			name = Main.storyboard;
			sourceTree = "<group>";
		};
		ED4DACD52AAE992B0095CD77 /* LaunchScreen.storyboard */ = {
			isa = PBXVariantGroup;
			children = (
				ED4DACD62AAE992B0095CD77 /* Base */,
				ED4DACDF2AAE9CAE0095CD77 /* ko */,
				ED4DACE12AAE9CBC0095CD77 /* ja */,
			);
			name = LaunchScreen.storyboard;
			sourceTree = "<group>";
		};
		ED4DACED2AAEAE230095CD77 /* Localizable.strings */ = {
			isa = PBXVariantGroup;
			children = (
				ED4DACEC2AAEAE230095CD77 /* en */,
				ED4DACEE2AAEAE360095CD77 /* ja */,
				ED4DACEF2AAEAE380095CD77 /* ko */,
			);
			name = Localizable.strings;
			sourceTree = "<group>";
		};
		ED4DACF62AAEBDD60095CD77 /* InfoPlist.strings */ = {
			isa = PBXVariantGroup;
			children = (
				ED4DACF52AAEBDD60095CD77 /* en */,
				ED4DACF72AAEBDDA0095CD77 /* ja */,
				ED4DACF82AAEBDDA0095CD77 /* ko */,
			);
			name = InfoPlist.strings;
			sourceTree = "<group>";
		};
/* End PBXVariantGroup section */

/* Begin XCBuildConfiguration section */
		ED4DACD92AAE992B0095CD77 /* Debug */ = {
			isa = XCBuildConfiguration;
			buildSettings = {
				ALWAYS_SEARCH_USER_PATHS = NO;
				CLANG_ANALYZER_LOCALIZABILITY_NONLOCALIZED = YES;
				CLANG_ANALYZER_NONNULL = YES;
				CLANG_ANALYZER_NUMBER_OBJECT_CONVERSION = YES_AGGRESSIVE;
				CLANG_CXX_LANGUAGE_STANDARD = "gnu++20";
				CLANG_ENABLE_MODULES = YES;
				CLANG_ENABLE_OBJC_ARC = YES;
				CLANG_ENABLE_OBJC_WEAK = YES;
				CLANG_WARN_BLOCK_CAPTURE_AUTORELEASING = YES;
				CLANG_WARN_BOOL_CONVERSION = YES;
				CLANG_WARN_COMMA = YES;
				CLANG_WARN_CONSTANT_CONVERSION = YES;
				CLANG_WARN_DEPRECATED_OBJC_IMPLEMENTATIONS = YES;
				CLANG_WARN_DIRECT_OBJC_ISA_USAGE = YES_ERROR;
				CLANG_WARN_DOCUMENTATION_COMMENTS = YES;
				CLANG_WARN_EMPTY_BODY = YES;
				CLANG_WARN_ENUM_CONVERSION = YES;
				CLANG_WARN_INFINITE_RECURSION = YES;
				CLANG_WARN_INT_CONVERSION = YES;
				CLANG_WARN_NON_LITERAL_NULL_CONVERSION = YES;
				CLANG_WARN_OBJC_IMPLICIT_RETAIN_SELF = YES;
				CLANG_WARN_OBJC_LITERAL_CONVERSION = YES;
				CLANG_WARN_OBJC_ROOT_CLASS = YES_ERROR;
				CLANG_WARN_QUOTED_INCLUDE_IN_FRAMEWORK_HEADER = YES;
				CLANG_WARN_RANGE_LOOP_ANALYSIS = YES;
				CLANG_WARN_STRICT_PROTOTYPES = YES;
				CLANG_WARN_SUSPICIOUS_MOVE = YES;
				CLANG_WARN_UNGUARDED_AVAILABILITY = YES_AGGRESSIVE;
				CLANG_WARN_UNREACHABLE_CODE = YES;
				CLANG_WARN__DUPLICATE_METHOD_MATCH = YES;
				COPY_PHASE_STRIP = NO;
				DEBUG_INFORMATION_FORMAT = dwarf;
				ENABLE_STRICT_OBJC_MSGSEND = YES;
				ENABLE_TESTABILITY = YES;
				GCC_C_LANGUAGE_STANDARD = gnu11;
				GCC_DYNAMIC_NO_PIC = NO;
				GCC_NO_COMMON_BLOCKS = YES;
				GCC_OPTIMIZATION_LEVEL = 0;
				GCC_PREPROCESSOR_DEFINITIONS = (
					"DEBUG=1",
					"$(inherited)",
				);
				GCC_WARN_64_TO_32_BIT_CONVERSION = YES;
				GCC_WARN_ABOUT_RETURN_TYPE = YES_ERROR;
				GCC_WARN_UNDECLARED_SELECTOR = YES;
				GCC_WARN_UNINITIALIZED_AUTOS = YES_AGGRESSIVE;
				GCC_WARN_UNUSED_FUNCTION = YES;
				GCC_WARN_UNUSED_VARIABLE = YES;
				IPHONEOS_DEPLOYMENT_TARGET = 16.2;
				MTL_ENABLE_DEBUG_INFO = INCLUDE_SOURCE;
				MTL_FAST_MATH = YES;
				ONLY_ACTIVE_ARCH = YES;
				SDKROOT = iphoneos;
				SWIFT_ACTIVE_COMPILATION_CONDITIONS = DEBUG;
				SWIFT_OPTIMIZATION_LEVEL = "-Onone";
			};
			name = Debug;
		};
		ED4DACDA2AAE992B0095CD77 /* Release */ = {
			isa = XCBuildConfiguration;
			buildSettings = {
				ALWAYS_SEARCH_USER_PATHS = NO;
				CLANG_ANALYZER_LOCALIZABILITY_NONLOCALIZED = YES;
				CLANG_ANALYZER_NONNULL = YES;
				CLANG_ANALYZER_NUMBER_OBJECT_CONVERSION = YES_AGGRESSIVE;
				CLANG_CXX_LANGUAGE_STANDARD = "gnu++20";
				CLANG_ENABLE_MODULES = YES;
				CLANG_ENABLE_OBJC_ARC = YES;
				CLANG_ENABLE_OBJC_WEAK = YES;
				CLANG_WARN_BLOCK_CAPTURE_AUTORELEASING = YES;
				CLANG_WARN_BOOL_CONVERSION = YES;
				CLANG_WARN_COMMA = YES;
				CLANG_WARN_CONSTANT_CONVERSION = YES;
				CLANG_WARN_DEPRECATED_OBJC_IMPLEMENTATIONS = YES;
				CLANG_WARN_DIRECT_OBJC_ISA_USAGE = YES_ERROR;
				CLANG_WARN_DOCUMENTATION_COMMENTS = YES;
				CLANG_WARN_EMPTY_BODY = YES;
				CLANG_WARN_ENUM_CONVERSION = YES;
				CLANG_WARN_INFINITE_RECURSION = YES;
				CLANG_WARN_INT_CONVERSION = YES;
				CLANG_WARN_NON_LITERAL_NULL_CONVERSION = YES;
				CLANG_WARN_OBJC_IMPLICIT_RETAIN_SELF = YES;
				CLANG_WARN_OBJC_LITERAL_CONVERSION = YES;
				CLANG_WARN_OBJC_ROOT_CLASS = YES_ERROR;
				CLANG_WARN_QUOTED_INCLUDE_IN_FRAMEWORK_HEADER = YES;
				CLANG_WARN_RANGE_LOOP_ANALYSIS = YES;
				CLANG_WARN_STRICT_PROTOTYPES = YES;
				CLANG_WARN_SUSPICIOUS_MOVE = YES;
				CLANG_WARN_UNGUARDED_AVAILABILITY = YES_AGGRESSIVE;
				CLANG_WARN_UNREACHABLE_CODE = YES;
				CLANG_WARN__DUPLICATE_METHOD_MATCH = YES;
				COPY_PHASE_STRIP = NO;
				DEBUG_INFORMATION_FORMAT = "dwarf-with-dsym";
				ENABLE_NS_ASSERTIONS = NO;
				ENABLE_STRICT_OBJC_MSGSEND = YES;
				GCC_C_LANGUAGE_STANDARD = gnu11;
				GCC_NO_COMMON_BLOCKS = YES;
				GCC_WARN_64_TO_32_BIT_CONVERSION = YES;
				GCC_WARN_ABOUT_RETURN_TYPE = YES_ERROR;
				GCC_WARN_UNDECLARED_SELECTOR = YES;
				GCC_WARN_UNINITIALIZED_AUTOS = YES_AGGRESSIVE;
				GCC_WARN_UNUSED_FUNCTION = YES;
				GCC_WARN_UNUSED_VARIABLE = YES;
				IPHONEOS_DEPLOYMENT_TARGET = 16.2;
				MTL_ENABLE_DEBUG_INFO = NO;
				MTL_FAST_MATH = YES;
				SDKROOT = iphoneos;
				SWIFT_COMPILATION_MODE = wholemodule;
				SWIFT_OPTIMIZATION_LEVEL = "-O";
				VALIDATE_PRODUCT = YES;
			};
			name = Release;
		};
		ED4DACDC2AAE992B0095CD77 /* Debug */ = {
			isa = XCBuildConfiguration;
			buildSettings = {
				ASSETCATALOG_COMPILER_APPICON_NAME = AppIcon;
				ASSETCATALOG_COMPILER_GLOBAL_ACCENT_COLOR_NAME = AccentColor;
				CODE_SIGN_STYLE = Automatic;
				CURRENT_PROJECT_VERSION = 1;
				DEVELOPMENT_TEAM = 82J7RU93V4;
				GENERATE_INFOPLIST_FILE = YES;
				INFOPLIST_FILE = SeSAC3UnsplashProject/Info.plist;
				INFOPLIST_KEY_UIApplicationSupportsIndirectInputEvents = YES;
				INFOPLIST_KEY_UILaunchStoryboardName = LaunchScreen;
				INFOPLIST_KEY_UIMainStoryboardFile = Main;
				INFOPLIST_KEY_UISupportedInterfaceOrientations_iPad = "UIInterfaceOrientationPortrait UIInterfaceOrientationPortraitUpsideDown UIInterfaceOrientationLandscapeLeft UIInterfaceOrientationLandscapeRight";
				INFOPLIST_KEY_UISupportedInterfaceOrientations_iPhone = "UIInterfaceOrientationPortrait UIInterfaceOrientationLandscapeLeft UIInterfaceOrientationLandscapeRight";
				LD_RUNPATH_SEARCH_PATHS = (
					"$(inherited)",
					"@executable_path/Frameworks",
				);
				MARKETING_VERSION = 1.0;
				PRODUCT_BUNDLE_IDENTIFIER = com.JongHoon.SeSAC3UnsplashProject;
				PRODUCT_NAME = "$(TARGET_NAME)";
				SWIFT_EMIT_LOC_STRINGS = YES;
				SWIFT_VERSION = 5.0;
				TARGETED_DEVICE_FAMILY = "1,2";
			};
			name = Debug;
		};
		ED4DACDD2AAE992B0095CD77 /* Release */ = {
			isa = XCBuildConfiguration;
			buildSettings = {
				ASSETCATALOG_COMPILER_APPICON_NAME = AppIcon;
				ASSETCATALOG_COMPILER_GLOBAL_ACCENT_COLOR_NAME = AccentColor;
				CODE_SIGN_STYLE = Automatic;
				CURRENT_PROJECT_VERSION = 1;
				DEVELOPMENT_TEAM = 82J7RU93V4;
				GENERATE_INFOPLIST_FILE = YES;
				INFOPLIST_FILE = SeSAC3UnsplashProject/Info.plist;
				INFOPLIST_KEY_UIApplicationSupportsIndirectInputEvents = YES;
				INFOPLIST_KEY_UILaunchStoryboardName = LaunchScreen;
				INFOPLIST_KEY_UIMainStoryboardFile = Main;
				INFOPLIST_KEY_UISupportedInterfaceOrientations_iPad = "UIInterfaceOrientationPortrait UIInterfaceOrientationPortraitUpsideDown UIInterfaceOrientationLandscapeLeft UIInterfaceOrientationLandscapeRight";
				INFOPLIST_KEY_UISupportedInterfaceOrientations_iPhone = "UIInterfaceOrientationPortrait UIInterfaceOrientationLandscapeLeft UIInterfaceOrientationLandscapeRight";
				LD_RUNPATH_SEARCH_PATHS = (
					"$(inherited)",
					"@executable_path/Frameworks",
				);
				MARKETING_VERSION = 1.0;
				PRODUCT_BUNDLE_IDENTIFIER = com.JongHoon.SeSAC3UnsplashProject;
				PRODUCT_NAME = "$(TARGET_NAME)";
				SWIFT_EMIT_LOC_STRINGS = YES;
				SWIFT_VERSION = 5.0;
				TARGETED_DEVICE_FAMILY = "1,2";
			};
			name = Release;
		};
/* End XCBuildConfiguration section */

/* Begin XCConfigurationList section */
		ED4DACC22AAE992A0095CD77 /* Build configuration list for PBXProject "SeSAC3UnsplashProject" */ = {
			isa = XCConfigurationList;
			buildConfigurations = (
				ED4DACD92AAE992B0095CD77 /* Debug */,
				ED4DACDA2AAE992B0095CD77 /* Release */,
			);
			defaultConfigurationIsVisible = 0;
			defaultConfigurationName = Release;
		};
		ED4DACDB2AAE992B0095CD77 /* Build configuration list for PBXNativeTarget "SeSAC3UnsplashProject" */ = {
			isa = XCConfigurationList;
			buildConfigurations = (
				ED4DACDC2AAE992B0095CD77 /* Debug */,
				ED4DACDD2AAE992B0095CD77 /* Release */,
			);
			defaultConfigurationIsVisible = 0;
			defaultConfigurationName = Release;
		};
/* End XCConfigurationList section */

/* Begin XCRemoteSwiftPackageReference section */
		ED5916752AB2A9DC0033F3CC /* XCRemoteSwiftPackageReference "SnapKit" */ = {
			isa = XCRemoteSwiftPackageReference;
			repositoryURL = "https://github.com/SnapKit/SnapKit.git";
			requirement = {
				kind = exactVersion;
				version = 5.6.0;
			};
		};
/* End XCRemoteSwiftPackageReference section */

/* Begin XCSwiftPackageProductDependency section */
		ED5916762AB2A9DC0033F3CC /* SnapKit */ = {
			isa = XCSwiftPackageProductDependency;
			package = ED5916752AB2A9DC0033F3CC /* XCRemoteSwiftPackageReference "SnapKit" */;
			productName = SnapKit;
		};
/* End XCSwiftPackageProductDependency section */
	};
	rootObject = ED4DACBF2AAE992A0095CD77 /* Project object */;
}
